// !$*UTF8*$!
{
	archiveVersion = 1;
	classes = {
	};
	objectVersion = 50;
	objects = {

/* Begin PBXBuildFile section */
		3E859F5E26B6D08C001293C3 /* AppDelegate.swift in Sources */ = {isa = PBXBuildFile; fileRef = 3E859F5D26B6D08C001293C3 /* AppDelegate.swift */; };
		3E859F6026B6D08C001293C3 /* SceneDelegate.swift in Sources */ = {isa = PBXBuildFile; fileRef = 3E859F5F26B6D08C001293C3 /* SceneDelegate.swift */; };
		3E859F6226B6D08C001293C3 /* ViewController.swift in Sources */ = {isa = PBXBuildFile; fileRef = 3E859F6126B6D08C001293C3 /* ViewController.swift */; };
		3E859F6526B6D08C001293C3 /* Main.storyboard in Resources */ = {isa = PBXBuildFile; fileRef = 3E859F6326B6D08C001293C3 /* Main.storyboard */; };
		3E859F6726B6D08E001293C3 /* Assets.xcassets in Resources */ = {isa = PBXBuildFile; fileRef = 3E859F6626B6D08E001293C3 /* Assets.xcassets */; };
		3E859F6A26B6D08E001293C3 /* LaunchScreen.storyboard in Resources */ = {isa = PBXBuildFile; fileRef = 3E859F6826B6D08E001293C3 /* LaunchScreen.storyboard */; };
		3E859F7226B6D155001293C3 /* VideoCapture.swift in Sources */ = {isa = PBXBuildFile; fileRef = 3E859F7126B6D155001293C3 /* VideoCapture.swift */; };
		3E859F7426B6D65C001293C3 /* Predictor.swift in Sources */ = {isa = PBXBuildFile; fileRef = 3E859F7326B6D65C001293C3 /* Predictor.swift */; };
/* End PBXBuildFile section */

/* Begin PBXFileReference section */
		3E859F5A26B6D08C001293C3 /* ComputerVisionTest.app */ = {isa = PBXFileReference; explicitFileType = wrapper.application; includeInIndex = 0; path = ComputerVisionTest.app; sourceTree = BUILT_PRODUCTS_DIR; };
		3E859F5D26B6D08C001293C3 /* AppDelegate.swift */ = {isa = PBXFileReference; lastKnownFileType = sourcecode.swift; path = AppDelegate.swift; sourceTree = "<group>"; };
		3E859F5F26B6D08C001293C3 /* SceneDelegate.swift */ = {isa = PBXFileReference; lastKnownFileType = sourcecode.swift; path = SceneDelegate.swift; sourceTree = "<group>"; };
		3E859F6126B6D08C001293C3 /* ViewController.swift */ = {isa = PBXFileReference; lastKnownFileType = sourcecode.swift; path = ViewController.swift; sourceTree = "<group>"; };
		3E859F6426B6D08C001293C3 /* Base */ = {isa = PBXFileReference; lastKnownFileType = file.storyboard; name = Base; path = Base.lproj/Main.storyboard; sourceTree = "<group>"; };
		3E859F6626B6D08E001293C3 /* Assets.xcassets */ = {isa = PBXFileReference; lastKnownFileType = folder.assetcatalog; path = Assets.xcassets; sourceTree = "<group>"; };
		3E859F6926B6D08E001293C3 /* Base */ = {isa = PBXFileReference; lastKnownFileType = file.storyboard; name = Base; path = Base.lproj/LaunchScreen.storyboard; sourceTree = "<group>"; };
		3E859F6B26B6D08E001293C3 /* Info.plist */ = {isa = PBXFileReference; lastKnownFileType = text.plist.xml; path = Info.plist; sourceTree = "<group>"; };
		3E859F7126B6D155001293C3 /* VideoCapture.swift */ = {isa = PBXFileReference; lastKnownFileType = sourcecode.swift; path = VideoCapture.swift; sourceTree = "<group>"; };
		3E859F7326B6D65C001293C3 /* Predictor.swift */ = {isa = PBXFileReference; lastKnownFileType = sourcecode.swift; path = Predictor.swift; sourceTree = "<group>"; };
/* End PBXFileReference section */

/* Begin PBXFrameworksBuildPhase section */
		3E859F5726B6D08C001293C3 /* Frameworks */ = {
			isa = PBXFrameworksBuildPhase;
			buildActionMask = 2147483647;
			files = (
			);
			runOnlyForDeploymentPostprocessing = 0;
		};
/* End PBXFrameworksBuildPhase section */

/* Begin PBXGroup section */
		3E859F5126B6D08C001293C3 = {
			isa = PBXGroup;
			children = (
				3E859F5C26B6D08C001293C3 /* ComputerVisionTest */,
				3E859F5B26B6D08C001293C3 /* Products */,
			);
			sourceTree = "<group>";
		};
		3E859F5B26B6D08C001293C3 /* Products */ = {
			isa = PBXGroup;
			children = (
				3E859F5A26B6D08C001293C3 /* ComputerVisionTest.app */,
			);
			name = Products;
			sourceTree = "<group>";
		};
		3E859F5C26B6D08C001293C3 /* ComputerVisionTest */ = {
			isa = PBXGroup;
			children = (
				3E859F5D26B6D08C001293C3 /* AppDelegate.swift */,
				3E859F5F26B6D08C001293C3 /* SceneDelegate.swift */,
				3E859F6126B6D08C001293C3 /* ViewController.swift */,
				3E859F6326B6D08C001293C3 /* Main.storyboard */,
				3E859F6626B6D08E001293C3 /* Assets.xcassets */,
				3E859F6826B6D08E001293C3 /* LaunchScreen.storyboard */,
				3E859F6B26B6D08E001293C3 /* Info.plist */,
				3E859F7126B6D155001293C3 /* VideoCapture.swift */,
				3E859F7326B6D65C001293C3 /* Predictor.swift */,
			);
			path = ComputerVisionTest;
			sourceTree = "<group>";
		};
/* End PBXGroup section */

/* Begin PBXNativeTarget section */
		3E859F5926B6D08C001293C3 /* ComputerVisionTest */ = {
			isa = PBXNativeTarget;
			buildConfigurationList = 3E859F6E26B6D08E001293C3 /* Build configuration list for PBXNativeTarget "ComputerVisionTest" */;
			buildPhases = (
				3E859F5626B6D08C001293C3 /* Sources */,
				3E859F5726B6D08C001293C3 /* Frameworks */,
				3E859F5826B6D08C001293C3 /* Resources */,
			);
			buildRules = (
			);
			dependencies = (
			);
			name = ComputerVisionTest;
			productName = ComputerVisionTest;
			productReference = 3E859F5A26B6D08C001293C3 /* ComputerVisionTest.app */;
			productType = "com.apple.product-type.application";
		};
/* End PBXNativeTarget section */

/* Begin PBXProject section */
		3E859F5226B6D08C001293C3 /* Project object */ = {
			isa = PBXProject;
			attributes = {
				LastSwiftUpdateCheck = 1250;
				LastUpgradeCheck = 1250;
				TargetAttributes = {
					3E859F5926B6D08C001293C3 = {
						CreatedOnToolsVersion = 12.5.1;
					};
				};
			};
			buildConfigurationList = 3E859F5526B6D08C001293C3 /* Build configuration list for PBXProject "ComputerVisionTest" */;
			compatibilityVersion = "Xcode 9.3";
			developmentRegion = en;
			hasScannedForEncodings = 0;
			knownRegions = (
				en,
				Base,
			);
			mainGroup = 3E859F5126B6D08C001293C3;
			productRefGroup = 3E859F5B26B6D08C001293C3 /* Products */;
			projectDirPath = "";
			projectRoot = "";
			targets = (
				3E859F5926B6D08C001293C3 /* ComputerVisionTest */,
			);
		};
/* End PBXProject section */

/* Begin PBXResourcesBuildPhase section */
		3E859F5826B6D08C001293C3 /* Resources */ = {
			isa = PBXResourcesBuildPhase;
			buildActionMask = 2147483647;
			files = (
				3E859F6A26B6D08E001293C3 /* LaunchScreen.storyboard in Resources */,
				3E859F6726B6D08E001293C3 /* Assets.xcassets in Resources */,
				3E859F6526B6D08C001293C3 /* Main.storyboard in Resources */,
			);
			runOnlyForDeploymentPostprocessing = 0;
		};
/* End PBXResourcesBuildPhase section */

/* Begin PBXSourcesBuildPhase section */
		3E859F5626B6D08C001293C3 /* Sources */ = {
			isa = PBXSourcesBuildPhase;
			buildActionMask = 2147483647;
			files = (
				3E859F7226B6D155001293C3 /* VideoCapture.swift in Sources */,
				3E859F6226B6D08C001293C3 /* ViewController.swift in Sources */,
				3E859F5E26B6D08C001293C3 /* AppDelegate.swift in Sources */,
				3E859F6026B6D08C001293C3 /* SceneDelegate.swift in Sources */,
				3E859F7426B6D65C001293C3 /* Predictor.swift in Sources */,
			);
			runOnlyForDeploymentPostprocessing = 0;
		};
/* End PBXSourcesBuildPhase section */

/* Begin PBXVariantGroup section */
		3E859F6326B6D08C001293C3 /* Main.storyboard */ = {
			isa = PBXVariantGroup;
			children = (
				3E859F6426B6D08C001293C3 /* Base */,
			);
			name = Main.storyboard;
			sourceTree = "<group>";
		};
		3E859F6826B6D08E001293C3 /* LaunchScreen.storyboard */ = {
			isa = PBXVariantGroup;
			children = (
				3E859F6926B6D08E001293C3 /* Base */,
			);
			name = LaunchScreen.storyboard;
			sourceTree = "<group>";
		};
/* End PBXVariantGroup section */

/* Begin XCBuildConfiguration section */
		3E859F6C26B6D08E001293C3 /* Debug */ = {
			isa = XCBuildConfiguration;
			buildSettings = {
				ALWAYS_SEARCH_USER_PATHS = NO;
				CLANG_ANALYZER_NONNULL = YES;
				CLANG_ANALYZER_NUMBER_OBJECT_CONVERSION = YES_AGGRESSIVE;
				CLANG_CXX_LANGUAGE_STANDARD = "gnu++14";
				CLANG_CXX_LIBRARY = "libc++";
				CLANG_ENABLE_MODULES = YES;
				CLANG_ENABLE_OBJC_ARC = YES;
				CLANG_ENABLE_OBJC_WEAK = YES;
				CLANG_WARN_BLOCK_CAPTURE_AUTORELEASING = YES;
				CLANG_WARN_BOOL_CONVERSION = YES;
				CLANG_WARN_COMMA = YES;
				CLANG_WARN_CONSTANT_CONVERSION = YES;
				CLANG_WARN_DEPRECATED_OBJC_IMPLEMENTATIONS = YES;
				CLANG_WARN_DIRECT_OBJC_ISA_USAGE = YES_ERROR;
				CLANG_WARN_DOCUMENTATION_COMMENTS = YES;
				CLANG_WARN_EMPTY_BODY = YES;
				CLANG_WARN_ENUM_CONVERSION = YES;
				CLANG_WARN_INFINITE_RECURSION = YES;
				CLANG_WARN_INT_CONVERSION = YES;
				CLANG_WARN_NON_LITERAL_NULL_CONVERSION = YES;
				CLANG_WARN_OBJC_IMPLICIT_RETAIN_SELF = YES;
				CLANG_WARN_OBJC_LITERAL_CONVERSION = YES;
				CLANG_WARN_OBJC_ROOT_CLASS = YES_ERROR;
				CLANG_WARN_QUOTED_INCLUDE_IN_FRAMEWORK_HEADER = YES;
				CLANG_WARN_RANGE_LOOP_ANALYSIS = YES;
				CLANG_WARN_STRICT_PROTOTYPES = YES;
				CLANG_WARN_SUSPICIOUS_MOVE = YES;
				CLANG_WARN_UNGUARDED_AVAILABILITY = YES_AGGRESSIVE;
				CLANG_WARN_UNREACHABLE_CODE = YES;
				CLANG_WARN__DUPLICATE_METHOD_MATCH = YES;
				COPY_PHASE_STRIP = NO;
				DEBUG_INFORMATION_FORMAT = dwarf;
				ENABLE_STRICT_OBJC_MSGSEND = YES;
				ENABLE_TESTABILITY = YES;
				GCC_C_LANGUAGE_STANDARD = gnu11;
				GCC_DYNAMIC_NO_PIC = NO;
				GCC_NO_COMMON_BLOCKS = YES;
				GCC_OPTIMIZATION_LEVEL = 0;
				GCC_PREPROCESSOR_DEFINITIONS = (
					"DEBUG=1",
					"$(inherited)",
				);
				GCC_WARN_64_TO_32_BIT_CONVERSION = YES;
				GCC_WARN_ABOUT_RETURN_TYPE = YES_ERROR;
				GCC_WARN_UNDECLARED_SELECTOR = YES;
				GCC_WARN_UNINITIALIZED_AUTOS = YES_AGGRESSIVE;
				GCC_WARN_UNUSED_FUNCTION = YES;
				GCC_WARN_UNUSED_VARIABLE = YES;
				IPHONEOS_DEPLOYMENT_TARGET = 14.5;
				MTL_ENABLE_DEBUG_INFO = INCLUDE_SOURCE;
				MTL_FAST_MATH = YES;
				ONLY_ACTIVE_ARCH = YES;
				SDKROOT = iphoneos;
				SWIFT_ACTIVE_COMPILATION_CONDITIONS = DEBUG;
				SWIFT_OPTIMIZATION_LEVEL = "-Onone";
			};
			name = Debug;
		};
		3E859F6D26B6D08E001293C3 /* Release */ = {
			isa = XCBuildConfiguration;
			buildSettings = {
				ALWAYS_SEARCH_USER_PATHS = NO;
				CLANG_ANALYZER_NONNULL = YES;
				CLANG_ANALYZER_NUMBER_OBJECT_CONVERSION = YES_AGGRESSIVE;
				CLANG_CXX_LANGUAGE_STANDARD = "gnu++14";
				CLANG_CXX_LIBRARY = "libc++";
				CLANG_ENABLE_MODULES = YES;
				CLANG_ENABLE_OBJC_ARC = YES;
				CLANG_ENABLE_OBJC_WEAK = YES;
				CLANG_WARN_BLOCK_CAPTURE_AUTORELEASING = YES;
				CLANG_WARN_BOOL_CONVERSION = YES;
				CLANG_WARN_COMMA = YES;
				CLANG_WARN_CONSTANT_CONVERSION = YES;
				CLANG_WARN_DEPRECATED_OBJC_IMPLEMENTATIONS = YES;
				CLANG_WARN_DIRECT_OBJC_ISA_USAGE = YES_ERROR;
				CLANG_WARN_DOCUMENTATION_COMMENTS = YES;
				CLANG_WARN_EMPTY_BODY = YES;
				CLANG_WARN_ENUM_CONVERSION = YES;
				CLANG_WARN_INFINITE_RECURSION = YES;
				CLANG_WARN_INT_CONVERSION = YES;
				CLANG_WARN_NON_LITERAL_NULL_CONVERSION = YES;
				CLANG_WARN_OBJC_IMPLICIT_RETAIN_SELF = YES;
				CLANG_WARN_OBJC_LITERAL_CONVERSION = YES;
				CLANG_WARN_OBJC_ROOT_CLASS = YES_ERROR;
				CLANG_WARN_QUOTED_INCLUDE_IN_FRAMEWORK_HEADER = YES;
				CLANG_WARN_RANGE_LOOP_ANALYSIS = YES;
				CLANG_WARN_STRICT_PROTOTYPES = YES;
				CLANG_WARN_SUSPICIOUS_MOVE = YES;
				CLANG_WARN_UNGUARDED_AVAILABILITY = YES_AGGRESSIVE;
				CLANG_WARN_UNREACHABLE_CODE = YES;
				CLANG_WARN__DUPLICATE_METHOD_MATCH = YES;
				COPY_PHASE_STRIP = NO;
				DEBUG_INFORMATION_FORMAT = "dwarf-with-dsym";
				ENABLE_NS_ASSERTIONS = NO;
				ENABLE_STRICT_OBJC_MSGSEND = YES;
				GCC_C_LANGUAGE_STANDARD = gnu11;
				GCC_NO_COMMON_BLOCKS = YES;
				GCC_WARN_64_TO_32_BIT_CONVERSION = YES;
				GCC_WARN_ABOUT_RETURN_TYPE = YES_ERROR;
				GCC_WARN_UNDECLARED_SELECTOR = YES;
				GCC_WARN_UNINITIALIZED_AUTOS = YES_AGGRESSIVE;
				GCC_WARN_UNUSED_FUNCTION = YES;
				GCC_WARN_UNUSED_VARIABLE = YES;
				IPHONEOS_DEPLOYMENT_TARGET = 14.5;
				MTL_ENABLE_DEBUG_INFO = NO;
				MTL_FAST_MATH = YES;
				SDKROOT = iphoneos;
				SWIFT_COMPILATION_MODE = wholemodule;
				SWIFT_OPTIMIZATION_LEVEL = "-O";
				VALIDATE_PRODUCT = YES;
			};
			name = Release;
		};
		3E859F6F26B6D08E001293C3 /* Debug */ = {
			isa = XCBuildConfiguration;
			buildSettings = {
				ASSETCATALOG_COMPILER_APPICON_NAME = AppIcon;
				ASSETCATALOG_COMPILER_GLOBAL_ACCENT_COLOR_NAME = AccentColor;
				CODE_SIGN_STYLE = Automatic;
				DEVELOPMENT_TEAM = 9PGNALUY6R;
				INFOPLIST_FILE = ComputerVisionTest/Info.plist;
				LD_RUNPATH_SEARCH_PATHS = (
					"$(inherited)",
					"@executable_path/Frameworks",
				);
				PRODUCT_BUNDLE_IDENTIFIER = com.uxbert.ComputerVisionTest;
				PRODUCT_NAME = "$(TARGET_NAME)";
				SWIFT_VERSION = 5.0;
				TARGETED_DEVICE_FAMILY = "1,2";
			};
			name = Debug;
		};
		3E859F7026B6D08E001293C3 /* Release */ = {
			isa = XCBuildConfiguration;
			buildSettings = {
				ASSETCATALOG_COMPILER_APPICON_NAME = AppIcon;
				ASSETCATALOG_COMPILER_GLOBAL_ACCENT_COLOR_NAME = AccentColor;
				CODE_SIGN_STYLE = Automatic;
				DEVELOPMENT_TEAM = 9PGNALUY6R;
				INFOPLIST_FILE = ComputerVisionTest/Info.plist;
				LD_RUNPATH_SEARCH_PATHS = (
					"$(inherited)",
					"@executable_path/Frameworks",
				);
				PRODUCT_BUNDLE_IDENTIFIER = com.uxbert.ComputerVisionTest;
				PRODUCT_NAME = "$(TARGET_NAME)";
				SWIFT_VERSION = 5.0;
				TARGETED_DEVICE_FAMILY = "1,2";
			};
			name = Release;
		};
/* End XCBuildConfiguration section */

/* Begin XCConfigurationList section */
		3E859F5526B6D08C001293C3 /* Build configuration list for PBXProject "ComputerVisionTest" */ = {
			isa = XCConfigurationList;
			buildConfigurations = (
				3E859F6C26B6D08E001293C3 /* Debug */,
				3E859F6D26B6D08E001293C3 /* Release */,
			);
			defaultConfigurationIsVisible = 0;
			defaultConfigurationName = Release;
		};
		3E859F6E26B6D08E001293C3 /* Build configuration list for PBXNativeTarget "ComputerVisionTest" */ = {
			isa = XCConfigurationList;
			buildConfigurations = (
				3E859F6F26B6D08E001293C3 /* Debug */,
				3E859F7026B6D08E001293C3 /* Release */,
			);
			defaultConfigurationIsVisible = 0;
			defaultConfigurationName = Release;
		};
/* End XCConfigurationList section */
	};
	rootObject = 3E859F5226B6D08C001293C3 /* Project object */;
}
